Microsoft Visual Studio Solution File, Format Version 11.00
# Visual Studio 2008

Project("{104A4F48-C448-F12D-5740-7246ACBE0479}") = "ggRunner", "Assembly-CSharp-firstpass.csproj", "{7B321453-74B3-EF28-6A42-6BD454F0045F}"
EndProject
Project("{104A4F48-C448-F12D-5740-7246ACBE0479}") = "ggRunner", "Assembly-CSharp.csproj", "{51E48BA1-5C19-D430-4FF8-0E7936B393FF}"
EndProject
Project("{104A4F48-C448-F12D-5740-7246ACBE0479}") = "ggRunner", "Assembly-CSharp-Editor.csproj", "{B1BDE1F6-18D7-BAB5-18DA-C1BBC6CFA857}"
EndProject
Global
	GlobalSection(SolutionConfigurationPlatforms) = preSolution
		Debug|Any CPU = Debug|Any CPU
		Release|Any CPU = Release|Any CPU
	EndGlobalSection
	GlobalSection(ProjectConfigurationPlatforms) = postSolution
		{7B321453-74B3-EF28-6A42-6BD454F0045F}.Debug|Any CPU.ActiveCfg = Debug|Any CPU
		{7B321453-74B3-EF28-6A42-6BD454F0045F}.Debug|Any CPU.Build.0 = Debug|Any CPU
		{7B321453-74B3-EF28-6A42-6BD454F0045F}.Release|Any CPU.ActiveCfg = Release|Any CPU
		{7B321453-74B3-EF28-6A42-6BD454F0045F}.Release|Any CPU.Build.0 = Release|Any CPU
		{51E48BA1-5C19-D430-4FF8-0E7936B393FF}.Debug|Any CPU.ActiveCfg = Debug|Any CPU
		{51E48BA1-5C19-D430-4FF8-0E7936B393FF}.Debug|Any CPU.Build.0 = Debug|Any CPU
		{51E48BA1-5C19-D430-4FF8-0E7936B393FF}.Release|Any CPU.ActiveCfg = Release|Any CPU
		{51E48BA1-5C19-D430-4FF8-0E7936B393FF}.Release|Any CPU.Build.0 = Release|Any CPU
		{B1BDE1F6-18D7-BAB5-18DA-C1BBC6CFA857}.Debug|Any CPU.ActiveCfg = Debug|Any CPU
		{B1BDE1F6-18D7-BAB5-18DA-C1BBC6CFA857}.Debug|Any CPU.Build.0 = Debug|Any CPU
		{B1BDE1F6-18D7-BAB5-18DA-C1BBC6CFA857}.Release|Any CPU.ActiveCfg = Release|Any CPU
		{B1BDE1F6-18D7-BAB5-18DA-C1BBC6CFA857}.Release|Any CPU.Build.0 = Release|Any CPU
	EndGlobalSection
	GlobalSection(SolutionProperties) = preSolution
		HideSolutionNode = FALSE
	EndGlobalSection
					GlobalSection(MonoDevelopProperties) = preSolution
		StartupItem = Assembly-CSharp.csproj
		Policies = $0
		$0.TextStylePolicy = $1
		$1.inheritsSet = null
		$1.scope = text/x-csharp
		$0.CSharpFormattingPolicy = $2
		$2.inheritsSet = Mono
		$2.inheritsScope = text/x-csharp
		$2.scope = text/x-csharp
		$0.TextStylePolicy = $3
		$3.FileWidth = 120
		$3.TabWidth = 4
		$3.IndentWidth = 4
		$3.EolMarker = Unix
		$3.inheritsSet = Mono
		$3.inheritsScope = text/plain
		$3.scope = text/plain
	EndGlobalSection

EndGlobal
